<?xml version="1.0" encoding="utf-8"?>
<Project ToolsVersion="4.0" xmlns="http://schemas.microsoft.com/developer/msbuild/2003">
  <ItemGroup>
    <Filter Include="Source Files">
      <UniqueIdentifier>{4FC737F1-C7A5-4376-A066-2A32D752A2FF}</UniqueIdentifier>
      <Extensions>cpp;c;cc;cxx;c++;cppm;ixx;def;odl;idl;hpj;bat;asm;asmx</Extensions>
    </Filter>
    <Filter Include="Header Files">
      <UniqueIdentifier>{93995380-89BD-4b04-88EB-625FBE52EBFB}</UniqueIdentifier>
      <Extensions>h;hh;hpp;hxx;h++;hm;inl;inc;ipp;xsd</Extensions>
    </Filter>
    <Filter Include="Resource Files">
      <UniqueIdentifier>{67DA6AB6-F800-4c08-8B7A-83BB121AAD01}</UniqueIdentifier>
      <Extensions>rc;ico;cur;bmp;dlg;rc2;rct;bin;rgs;gif;jpg;jpeg;jpe;resx;tiff;tif;png;wav;mfcribbon-ms</Extensions>
    </Filter>
    <Filter Include="bat">
      <UniqueIdentifier>{abcae242-24d3-4b0c-9a7a-3c1add2b2dd2}</UniqueIdentifier>
    </Filter>
  </ItemGroup>
  <ItemGroup>
    <ClInclude Include="mysql4xb_api.h">
      <Filter>Header Files</Filter>
    </ClInclude>
    <ClInclude Include="mysql4xb_resultset_rows_t.h">
      <Filter>Header Files</Filter>
    </ClInclude>
  </ItemGroup>
  <ItemGroup>
    <ClCompile Include="mysql4xb.cpp">
      <Filter>Source Files</Filter>
    </ClCompile>
    <ClCompile Include="mysql_xb_functions.cpp">
      <Filter>Source Files</Filter>
    </ClCompile>
    <ClCompile Include="mysql4xb_resultset_t.cpp">
      <Filter>Source Files</Filter>
    </ClCompile>
    <ClCompile Include="mysql_xb_quick_query.cpp">
      <Filter>Source Files</Filter>
    </ClCompile>
    <ClCompile Include="mysql4xb_resultset_rows_t.cpp">
      <Filter>Source Files</Filter>
    </ClCompile>
    <ClCompile Include="mysql_xb_resultset_field_t.cpp">
      <Filter>Source Files</Filter>
    </ClCompile>
  </ItemGroup>
  <ItemGroup>
    <None Include="mysql4xb.VersionInfo" />
    <None Include="mysql4xb.xbmac" />
    <None Include="__mk_package.bat">
      <Filter>bat</Filter>
    </None>
    <None Include="mysql4xb_extract_all.bat">
      <Filter>bat</Filter>
    </None>
    <None Include="postbuild_debug.bat">
      <Filter>bat</Filter>
    </None>
    <None Include="postbuild_release.bat">
      <Filter>bat</Filter>
    </None>
    <None Include="prebuild_debug.bat">
      <Filter>bat</Filter>
    </None>
    <None Include="prebuild_release.bat">
      <Filter>bat</Filter>
    </None>
    <None Include="__mklib.bat">
      <Filter>bat</Filter>
    </None>
    <None Include="cpp.hint" />
  </ItemGroup>
</Project>